
Microsoft Visual Studio Solution File, Format Version 12.00
# Visual Studio 15
Project("{FAE04EC0-301F-11D3-BF4B-00C04F79EFBC}") = "com.ben-w.erp", "com.ben-w.erp.csproj", "{5C48D9D9-7956-A389-9AD1-7D29EA916AEB}"
EndProject
Project("{FAE04EC0-301F-11D3-BF4B-00C04F79EFBC}") = "Assembly-CSharp", "Assembly-CSharp.csproj", "{C8389ED8-C1CA-7FD6-C624-8EA0A5B1F3EF}"
EndProject
Global
	GlobalSection(SolutionConfigurationPlatforms) = preSolution
		Debug|Any CPU = Debug|Any CPU
		Release|Any CPU = Release|Any CPU
	EndGlobalSection
	GlobalSection(ProjectConfigurationPlatforms) = postSolution
		{5C48D9D9-7956-A389-9AD1-7D29EA916AEB}.Debug|Any CPU.ActiveCfg = Debug|Any CPU
		{5C48D9D9-7956-A389-9AD1-7D29EA916AEB}.Debug|Any CPU.Build.0 = Debug|Any CPU
		{5C48D9D9-7956-A389-9AD1-7D29EA916AEB}.Release|Any CPU.ActiveCfg = Release|Any CPU
		{5C48D9D9-7956-A389-9AD1-7D29EA916AEB}.Release|Any CPU.Build.0 = Release|Any CPU
		{C8389ED8-C1CA-7FD6-C624-8EA0A5B1F3EF}.Debug|Any CPU.ActiveCfg = Debug|Any CPU
		{C8389ED8-C1CA-7FD6-C624-8EA0A5B1F3EF}.Debug|Any CPU.Build.0 = Debug|Any CPU
		{C8389ED8-C1CA-7FD6-C624-8EA0A5B1F3EF}.Release|Any CPU.ActiveCfg = Release|Any CPU
		{C8389ED8-C1CA-7FD6-C624-8EA0A5B1F3EF}.Release|Any CPU.Build.0 = Release|Any CPU
	EndGlobalSection
	GlobalSection(SolutionProperties) = preSolution
		HideSolutionNode = FALSE
	EndGlobalSection
EndGlobal
